
Microsoft Visual Studio Solution File, Format Version 12.00
# Visual Studio Version 17
VisualStudioVersion = 17.5.002.0
MinimumVisualStudioVersion = 10.0.40219.1
Project("{9A19103F-16F7-4668-BE54-9A1E7A4F7556}") = "Lab2", "Lab2.csproj", "{F1FC9661-A2A0-4F1F-B1A5-05A22697D6FA}"
EndProject
Global
	GlobalSection(SolutionConfigurationPlatforms) = preSolution
		Debug|Any CPU = Debug|Any CPU
		Release|Any CPU = Release|Any CPU
	EndGlobalSection
	GlobalSection(ProjectConfigurationPlatforms) = postSolution
		{F1FC9661-A2A0-4F1F-B1A5-05A22697D6FA}.Debug|Any CPU.ActiveCfg = Debug|Any CPU
		{F1FC9661-A2A0-4F1F-B1A5-05A22697D6FA}.Debug|Any CPU.Build.0 = Debug|Any CPU
		{F1FC9661-A2A0-4F1F-B1A5-05A22697D6FA}.Release|Any CPU.ActiveCfg = Release|Any CPU
		{F1FC9661-A2A0-4F1F-B1A5-05A22697D6FA}.Release|Any CPU.Build.0 = Release|Any CPU
	EndGlobalSection
	GlobalSection(SolutionProperties) = preSolution
		HideSolutionNode = FALSE
	EndGlobalSection
	GlobalSection(ExtensibilityGlobals) = postSolution
		SolutionGuid = {839F3FFF-D083-44E1-9E1A-D488956C5D91}
	EndGlobalSection
EndGlobal
